
Microsoft Visual Studio Solution File, Format Version 12.00
# Visual Studio 15
VisualStudioVersion = 15.0.28010.0
MinimumVisualStudioVersion = 10.0.40219.1
Project("{FAE04EC0-301F-11D3-BF4B-00C04F79EFBC}") = "TwentyOne", "TwentyOne\TwentyOne.csproj", "{96FD0232-E60A-47B5-855B-58F1AF71EA97}"
EndProject
Global
	GlobalSection(SolutionConfigurationPlatforms) = preSolution
		Debug|Any CPU = Debug|Any CPU
		Release|Any CPU = Release|Any CPU
	EndGlobalSection
	GlobalSection(ProjectConfigurationPlatforms) = postSolution
		{96FD0232-E60A-47B5-855B-58F1AF71EA97}.Debug|Any CPU.ActiveCfg = Debug|Any CPU
		{96FD0232-E60A-47B5-855B-58F1AF71EA97}.Debug|Any CPU.Build.0 = Debug|Any CPU
		{96FD0232-E60A-47B5-855B-58F1AF71EA97}.Release|Any CPU.ActiveCfg = Release|Any CPU
		{96FD0232-E60A-47B5-855B-58F1AF71EA97}.Release|Any CPU.Build.0 = Release|Any CPU
	EndGlobalSection
	GlobalSection(SolutionProperties) = preSolution
		HideSolutionNode = FALSE
	EndGlobalSection
	GlobalSection(ExtensibilityGlobals) = postSolution
		SolutionGuid = {2B2E4340-F81F-4F65-880B-6110F2D2DA5C}
	EndGlobalSection
EndGlobal
